// !$*UTF8*$!
{
	archiveVersion = 1;
	classes = {
	};
	objectVersion = 50;
	objects = {

/* Begin PBXBuildFile section */
		A11CCEF8210FE8AA004C350E /* FoodCompositionResultsController.swift in Sources */ = {isa = PBXBuildFile; fileRef = A11CCEF7210FE8AA004C350E /* FoodCompositionResultsController.swift */; };
		A11CCEFA210FE8D4004C350E /* CompositionResultsDictionary.swift in Sources */ = {isa = PBXBuildFile; fileRef = A11CCEF9210FE8D4004C350E /* CompositionResultsDictionary.swift */; };
		A11CCEFD210FEEC7004C350E /* FoodDetailTableViewController.swift in Sources */ = {isa = PBXBuildFile; fileRef = A11CCEFC210FEEC7004C350E /* FoodDetailTableViewController.swift */; };
		A12651F020FE7731000F9A6B /* Constants.swift in Sources */ = {isa = PBXBuildFile; fileRef = A12651EF20FE7731000F9A6B /* Constants.swift */; };
		A12651F220FE7874000F9A6B /* Extensions.swift in Sources */ = {isa = PBXBuildFile; fileRef = A12651F120FE7874000F9A6B /* Extensions.swift */; };
		A12651F420FE7A19000F9A6B /* SearchResultsDictionary.swift in Sources */ = {isa = PBXBuildFile; fileRef = A12651F320FE7A19000F9A6B /* SearchResultsDictionary.swift */; };
		A12651F720FE7D97000F9A6B /* ItemSearchController.swift in Sources */ = {isa = PBXBuildFile; fileRef = A12651F620FE7D97000F9A6B /* ItemSearchController.swift */; };
		A12652272107D102000F9A6B /* TrackViewController.swift in Sources */ = {isa = PBXBuildFile; fileRef = A12652262107D102000F9A6B /* TrackViewController.swift */; };
		A1B81CB6210BB14600AF2476 /* SearchViewController.swift in Sources */ = {isa = PBXBuildFile; fileRef = A1B81CB5210BB14600AF2476 /* SearchViewController.swift */; };
		A1B81CBA210BECE600AF2476 /* FoodItem.swift in Sources */ = {isa = PBXBuildFile; fileRef = A1B81CB9210BECE600AF2476 /* FoodItem.swift */; };
		A1F2DC3B20F6A100005AA391 /* AppDelegate.swift in Sources */ = {isa = PBXBuildFile; fileRef = A1F2DC3A20F6A100005AA391 /* AppDelegate.swift */; };
		A1F2DC3D20F6A100005AA391 /* MainViewController.swift in Sources */ = {isa = PBXBuildFile; fileRef = A1F2DC3C20F6A100005AA391 /* MainViewController.swift */; };
		A1F2DC3F20F6A100005AA391 /* MealPlanningViewController.swift in Sources */ = {isa = PBXBuildFile; fileRef = A1F2DC3E20F6A100005AA391 /* MealPlanningViewController.swift */; };
		A1F2DC4220F6A100005AA391 /* Main.storyboard in Resources */ = {isa = PBXBuildFile; fileRef = A1F2DC4020F6A100005AA391 /* Main.storyboard */; };
		A1F2DC4420F6A102005AA391 /* Assets.xcassets in Resources */ = {isa = PBXBuildFile; fileRef = A1F2DC4320F6A102005AA391 /* Assets.xcassets */; };
		A1F2DC4720F6A102005AA391 /* LaunchScreen.storyboard in Resources */ = {isa = PBXBuildFile; fileRef = A1F2DC4520F6A102005AA391 /* LaunchScreen.storyboard */; };
		A1F2DC5220F6A102005AA391 /* TracrosTests.swift in Sources */ = {isa = PBXBuildFile; fileRef = A1F2DC5120F6A102005AA391 /* TracrosTests.swift */; };
/* End PBXBuildFile section */

/* Begin PBXContainerItemProxy section */
		A1F2DC4E20F6A102005AA391 /* PBXContainerItemProxy */ = {
			isa = PBXContainerItemProxy;
			containerPortal = A1F2DC2F20F6A100005AA391 /* Project object */;
			proxyType = 1;
			remoteGlobalIDString = A1F2DC3620F6A100005AA391;
			remoteInfo = Tracros;
		};
/* End PBXContainerItemProxy section */

/* Begin PBXFileReference section */
		A11CCEF7210FE8AA004C350E /* FoodCompositionResultsController.swift */ = {isa = PBXFileReference; lastKnownFileType = sourcecode.swift; path = FoodCompositionResultsController.swift; sourceTree = "<group>"; };
		A11CCEF9210FE8D4004C350E /* CompositionResultsDictionary.swift */ = {isa = PBXFileReference; lastKnownFileType = sourcecode.swift; path = CompositionResultsDictionary.swift; sourceTree = "<group>"; };
		A11CCEFC210FEEC7004C350E /* FoodDetailTableViewController.swift */ = {isa = PBXFileReference; lastKnownFileType = sourcecode.swift; path = FoodDetailTableViewController.swift; sourceTree = "<group>"; };
		A12651EF20FE7731000F9A6B /* Constants.swift */ = {isa = PBXFileReference; lastKnownFileType = sourcecode.swift; path = Constants.swift; sourceTree = "<group>"; };
		A12651F120FE7874000F9A6B /* Extensions.swift */ = {isa = PBXFileReference; lastKnownFileType = sourcecode.swift; path = Extensions.swift; sourceTree = "<group>"; };
		A12651F320FE7A19000F9A6B /* SearchResultsDictionary.swift */ = {isa = PBXFileReference; lastKnownFileType = sourcecode.swift; path = SearchResultsDictionary.swift; sourceTree = "<group>"; };
		A12651F620FE7D97000F9A6B /* ItemSearchController.swift */ = {isa = PBXFileReference; lastKnownFileType = sourcecode.swift; path = ItemSearchController.swift; sourceTree = "<group>"; };
		A12652262107D102000F9A6B /* TrackViewController.swift */ = {isa = PBXFileReference; lastKnownFileType = sourcecode.swift; path = TrackViewController.swift; sourceTree = "<group>"; };
		A1B81CB5210BB14600AF2476 /* SearchViewController.swift */ = {isa = PBXFileReference; lastKnownFileType = sourcecode.swift; path = SearchViewController.swift; sourceTree = "<group>"; };
		A1B81CB9210BECE600AF2476 /* FoodItem.swift */ = {isa = PBXFileReference; lastKnownFileType = sourcecode.swift; path = FoodItem.swift; sourceTree = "<group>"; };
		A1F2DC3720F6A100005AA391 /* Tracros.app */ = {isa = PBXFileReference; explicitFileType = wrapper.application; includeInIndex = 0; path = Tracros.app; sourceTree = BUILT_PRODUCTS_DIR; };
		A1F2DC3A20F6A100005AA391 /* AppDelegate.swift */ = {isa = PBXFileReference; lastKnownFileType = sourcecode.swift; path = AppDelegate.swift; sourceTree = "<group>"; };
		A1F2DC3C20F6A100005AA391 /* MainViewController.swift */ = {isa = PBXFileReference; lastKnownFileType = sourcecode.swift; path = MainViewController.swift; sourceTree = "<group>"; };
		A1F2DC3E20F6A100005AA391 /* MealPlanningViewController.swift */ = {isa = PBXFileReference; lastKnownFileType = sourcecode.swift; path = MealPlanningViewController.swift; sourceTree = "<group>"; };
		A1F2DC4120F6A100005AA391 /* Base */ = {isa = PBXFileReference; lastKnownFileType = file.storyboard; name = Base; path = Base.lproj/Main.storyboard; sourceTree = "<group>"; };
		A1F2DC4320F6A102005AA391 /* Assets.xcassets */ = {isa = PBXFileReference; lastKnownFileType = folder.assetcatalog; path = Assets.xcassets; sourceTree = "<group>"; };
		A1F2DC4620F6A102005AA391 /* Base */ = {isa = PBXFileReference; lastKnownFileType = file.storyboard; name = Base; path = Base.lproj/LaunchScreen.storyboard; sourceTree = "<group>"; };
		A1F2DC4820F6A102005AA391 /* Info.plist */ = {isa = PBXFileReference; lastKnownFileType = text.plist.xml; path = Info.plist; sourceTree = "<group>"; };
		A1F2DC4D20F6A102005AA391 /* TracrosTests.xctest */ = {isa = PBXFileReference; explicitFileType = wrapper.cfbundle; includeInIndex = 0; path = TracrosTests.xctest; sourceTree = BUILT_PRODUCTS_DIR; };
		A1F2DC5120F6A102005AA391 /* TracrosTests.swift */ = {isa = PBXFileReference; lastKnownFileType = sourcecode.swift; path = TracrosTests.swift; sourceTree = "<group>"; };
		A1F2DC5320F6A102005AA391 /* Info.plist */ = {isa = PBXFileReference; lastKnownFileType = text.plist.xml; path = Info.plist; sourceTree = "<group>"; };
/* End PBXFileReference section */

/* Begin PBXFrameworksBuildPhase section */
		A1F2DC3420F6A100005AA391 /* Frameworks */ = {
			isa = PBXFrameworksBuildPhase;
			buildActionMask = 2147483647;
			files = (
			);
			runOnlyForDeploymentPostprocessing = 0;
		};
		A1F2DC4A20F6A102005AA391 /* Frameworks */ = {
			isa = PBXFrameworksBuildPhase;
			buildActionMask = 2147483647;
			files = (
			);
			runOnlyForDeploymentPostprocessing = 0;
		};
/* End PBXFrameworksBuildPhase section */

/* Begin PBXGroup section */
		A11CCEFB210FEE56004C350E /* Models */ = {
			isa = PBXGroup;
			children = (
				A12651F320FE7A19000F9A6B /* SearchResultsDictionary.swift */,
				A11CCEF9210FE8D4004C350E /* CompositionResultsDictionary.swift */,
				A1B81CB9210BECE600AF2476 /* FoodItem.swift */,
			);
			path = Models;
			sourceTree = "<group>";
		};
		A12651F520FE7D83000F9A6B /* ViewControllers */ = {
			isa = PBXGroup;
			children = (
				A1F2DC3C20F6A100005AA391 /* MainViewController.swift */,
				A12652262107D102000F9A6B /* TrackViewController.swift */,
				A1F2DC3E20F6A100005AA391 /* MealPlanningViewController.swift */,
				A1B81CB5210BB14600AF2476 /* SearchViewController.swift */,
				A11CCEFC210FEEC7004C350E /* FoodDetailTableViewController.swift */,
			);
			path = ViewControllers;
			sourceTree = "<group>";
		};
		A126522A21092327000F9A6B /* TableViewCell */ = {
			isa = PBXGroup;
			children = (
			);
			path = TableViewCell;
			sourceTree = "<group>";
		};
		A17710B720F7F45700CE75E4 /* Resources */ = {
			isa = PBXGroup;
			children = (
				A1F2DC3A20F6A100005AA391 /* AppDelegate.swift */,
				A1F2DC4320F6A102005AA391 /* Assets.xcassets */,
				A1F2DC4520F6A102005AA391 /* LaunchScreen.storyboard */,
				A1F2DC4820F6A102005AA391 /* Info.plist */,
				A12651EF20FE7731000F9A6B /* Constants.swift */,
				A12651F120FE7874000F9A6B /* Extensions.swift */,
			);
			path = Resources;
			sourceTree = "<group>";
		};
		A1F2DC2E20F6A100005AA391 = {
			isa = PBXGroup;
			children = (
				A1F2DC3920F6A100005AA391 /* Tracros */,
				A1F2DC5020F6A102005AA391 /* TracrosTests */,
				A1F2DC3820F6A100005AA391 /* Products */,
			);
			sourceTree = "<group>";
		};
		A1F2DC3820F6A100005AA391 /* Products */ = {
			isa = PBXGroup;
			children = (
				A1F2DC3720F6A100005AA391 /* Tracros.app */,
				A1F2DC4D20F6A102005AA391 /* TracrosTests.xctest */,
			);
			name = Products;
			sourceTree = "<group>";
		};
		A1F2DC3920F6A100005AA391 /* Tracros */ = {
			isa = PBXGroup;
			children = (
				A1F2DC4020F6A100005AA391 /* Main.storyboard */,
				A12651F520FE7D83000F9A6B /* ViewControllers */,
				A126522A21092327000F9A6B /* TableViewCell */,
				A12651F620FE7D97000F9A6B /* ItemSearchController.swift */,
				A11CCEF7210FE8AA004C350E /* FoodCompositionResultsController.swift */,
				A11CCEFB210FEE56004C350E /* Models */,
				A17710B720F7F45700CE75E4 /* Resources */,
			);
			path = Tracros;
			sourceTree = "<group>";
		};
		A1F2DC5020F6A102005AA391 /* TracrosTests */ = {
			isa = PBXGroup;
			children = (
				A1F2DC5120F6A102005AA391 /* TracrosTests.swift */,
				A1F2DC5320F6A102005AA391 /* Info.plist */,
			);
			path = TracrosTests;
			sourceTree = "<group>";
		};
/* End PBXGroup section */

/* Begin PBXNativeTarget section */
		A1F2DC3620F6A100005AA391 /* Tracros */ = {
			isa = PBXNativeTarget;
			buildConfigurationList = A1F2DC5620F6A102005AA391 /* Build configuration list for PBXNativeTarget "Tracros" */;
			buildPhases = (
				A1F2DC3320F6A100005AA391 /* Sources */,
				A1F2DC3420F6A100005AA391 /* Frameworks */,
				A1F2DC3520F6A100005AA391 /* Resources */,
			);
			buildRules = (
			);
			dependencies = (
			);
			name = Tracros;
			productName = Tracros;
			productReference = A1F2DC3720F6A100005AA391 /* Tracros.app */;
			productType = "com.apple.product-type.application";
		};
		A1F2DC4C20F6A102005AA391 /* TracrosTests */ = {
			isa = PBXNativeTarget;
			buildConfigurationList = A1F2DC5920F6A102005AA391 /* Build configuration list for PBXNativeTarget "TracrosTests" */;
			buildPhases = (
				A1F2DC4920F6A102005AA391 /* Sources */,
				A1F2DC4A20F6A102005AA391 /* Frameworks */,
				A1F2DC4B20F6A102005AA391 /* Resources */,
			);
			buildRules = (
			);
			dependencies = (
				A1F2DC4F20F6A102005AA391 /* PBXTargetDependency */,
			);
			name = TracrosTests;
			productName = TracrosTests;
			productReference = A1F2DC4D20F6A102005AA391 /* TracrosTests.xctest */;
			productType = "com.apple.product-type.bundle.unit-test";
		};
/* End PBXNativeTarget section */

/* Begin PBXProject section */
		A1F2DC2F20F6A100005AA391 /* Project object */ = {
			isa = PBXProject;
			attributes = {
				LastSwiftUpdateCheck = 0940;
				LastUpgradeCheck = 0940;
				ORGANIZATIONNAME = "Jake Gray";
				TargetAttributes = {
					A1F2DC3620F6A100005AA391 = {
						CreatedOnToolsVersion = 9.4.1;
					};
					A1F2DC4C20F6A102005AA391 = {
						CreatedOnToolsVersion = 9.4.1;
						TestTargetID = A1F2DC3620F6A100005AA391;
					};
				};
			};
			buildConfigurationList = A1F2DC3220F6A100005AA391 /* Build configuration list for PBXProject "Tracros" */;
			compatibilityVersion = "Xcode 9.3";
			developmentRegion = en;
			hasScannedForEncodings = 0;
			knownRegions = (
				en,
				Base,
			);
			mainGroup = A1F2DC2E20F6A100005AA391;
			productRefGroup = A1F2DC3820F6A100005AA391 /* Products */;
			projectDirPath = "";
			projectRoot = "";
			targets = (
				A1F2DC3620F6A100005AA391 /* Tracros */,
				A1F2DC4C20F6A102005AA391 /* TracrosTests */,
			);
		};
/* End PBXProject section */

/* Begin PBXResourcesBuildPhase section */
		A1F2DC3520F6A100005AA391 /* Resources */ = {
			isa = PBXResourcesBuildPhase;
			buildActionMask = 2147483647;
			files = (
				A1F2DC4720F6A102005AA391 /* LaunchScreen.storyboard in Resources */,
				A1F2DC4420F6A102005AA391 /* Assets.xcassets in Resources */,
				A1F2DC4220F6A100005AA391 /* Main.storyboard in Resources */,
			);
			runOnlyForDeploymentPostprocessing = 0;
		};
		A1F2DC4B20F6A102005AA391 /* Resources */ = {
			isa = PBXResourcesBuildPhase;
			buildActionMask = 2147483647;
			files = (
			);
			runOnlyForDeploymentPostprocessing = 0;
		};
/* End PBXResourcesBuildPhase section */

/* Begin PBXSourcesBuildPhase section */
		A1F2DC3320F6A100005AA391 /* Sources */ = {
			isa = PBXSourcesBuildPhase;
			buildActionMask = 2147483647;
			files = (
				A11CCEF8210FE8AA004C350E /* FoodCompositionResultsController.swift in Sources */,
				A12652272107D102000F9A6B /* TrackViewController.swift in Sources */,
				A12651F220FE7874000F9A6B /* Extensions.swift in Sources */,
				A1F2DC3F20F6A100005AA391 /* MealPlanningViewController.swift in Sources */,
				A11CCEFD210FEEC7004C350E /* FoodDetailTableViewController.swift in Sources */,
				A1B81CB6210BB14600AF2476 /* SearchViewController.swift in Sources */,
				A1B81CBA210BECE600AF2476 /* FoodItem.swift in Sources */,
				A1F2DC3B20F6A100005AA391 /* AppDelegate.swift in Sources */,
				A1F2DC3D20F6A100005AA391 /* MainViewController.swift in Sources */,
				A12651F420FE7A19000F9A6B /* SearchResultsDictionary.swift in Sources */,
				A11CCEFA210FE8D4004C350E /* CompositionResultsDictionary.swift in Sources */,
				A12651F020FE7731000F9A6B /* Constants.swift in Sources */,
				A12651F720FE7D97000F9A6B /* ItemSearchController.swift in Sources */,
			);
			runOnlyForDeploymentPostprocessing = 0;
		};
		A1F2DC4920F6A102005AA391 /* Sources */ = {
			isa = PBXSourcesBuildPhase;
			buildActionMask = 2147483647;
			files = (
				A1F2DC5220F6A102005AA391 /* TracrosTests.swift in Sources */,
			);
			runOnlyForDeploymentPostprocessing = 0;
		};
/* End PBXSourcesBuildPhase section */

/* Begin PBXTargetDependency section */
		A1F2DC4F20F6A102005AA391 /* PBXTargetDependency */ = {
			isa = PBXTargetDependency;
			target = A1F2DC3620F6A100005AA391 /* Tracros */;
			targetProxy = A1F2DC4E20F6A102005AA391 /* PBXContainerItemProxy */;
		};
/* End PBXTargetDependency section */

/* Begin PBXVariantGroup section */
		A1F2DC4020F6A100005AA391 /* Main.storyboard */ = {
			isa = PBXVariantGroup;
			children = (
				A1F2DC4120F6A100005AA391 /* Base */,
			);
			name = Main.storyboard;
			sourceTree = "<group>";
		};
		A1F2DC4520F6A102005AA391 /* LaunchScreen.storyboard */ = {
			isa = PBXVariantGroup;
			children = (
				A1F2DC4620F6A102005AA391 /* Base */,
			);
			name = LaunchScreen.storyboard;
			sourceTree = "<group>";
		};
/* End PBXVariantGroup section */

/* Begin XCBuildConfiguration section */
		A1F2DC5420F6A102005AA391 /* Debug */ = {
			isa = XCBuildConfiguration;
			buildSettings = {
				ALWAYS_SEARCH_USER_PATHS = NO;
				CLANG_ANALYZER_NONNULL = YES;
				CLANG_ANALYZER_NUMBER_OBJECT_CONVERSION = YES_AGGRESSIVE;
				CLANG_CXX_LANGUAGE_STANDARD = "gnu++14";
				CLANG_CXX_LIBRARY = "libc++";
				CLANG_ENABLE_MODULES = YES;
				CLANG_ENABLE_OBJC_ARC = YES;
				CLANG_ENABLE_OBJC_WEAK = YES;
				CLANG_WARN_BLOCK_CAPTURE_AUTORELEASING = YES;
				CLANG_WARN_BOOL_CONVERSION = YES;
				CLANG_WARN_COMMA = YES;
				CLANG_WARN_CONSTANT_CONVERSION = YES;
				CLANG_WARN_DEPRECATED_OBJC_IMPLEMENTATIONS = YES;
				CLANG_WARN_DIRECT_OBJC_ISA_USAGE = YES_ERROR;
				CLANG_WARN_DOCUMENTATION_COMMENTS = YES;
				CLANG_WARN_EMPTY_BODY = YES;
				CLANG_WARN_ENUM_CONVERSION = YES;
				CLANG_WARN_INFINITE_RECURSION = YES;
				CLANG_WARN_INT_CONVERSION = YES;
				CLANG_WARN_NON_LITERAL_NULL_CONVERSION = YES;
				CLANG_WARN_OBJC_IMPLICIT_RETAIN_SELF = YES;
				CLANG_WARN_OBJC_LITERAL_CONVERSION = YES;
				CLANG_WARN_OBJC_ROOT_CLASS = YES_ERROR;
				CLANG_WARN_RANGE_LOOP_ANALYSIS = YES;
				CLANG_WARN_STRICT_PROTOTYPES = YES;
				CLANG_WARN_SUSPICIOUS_MOVE = YES;
				CLANG_WARN_UNGUARDED_AVAILABILITY = YES_AGGRESSIVE;
				CLANG_WARN_UNREACHABLE_CODE = YES;
				CLANG_WARN__DUPLICATE_METHOD_MATCH = YES;
				CODE_SIGN_IDENTITY = "iPhone Developer";
				COPY_PHASE_STRIP = NO;
				DEBUG_INFORMATION_FORMAT = dwarf;
				ENABLE_STRICT_OBJC_MSGSEND = YES;
				ENABLE_TESTABILITY = YES;
				GCC_C_LANGUAGE_STANDARD = gnu11;
				GCC_DYNAMIC_NO_PIC = NO;
				GCC_NO_COMMON_BLOCKS = YES;
				GCC_OPTIMIZATION_LEVEL = 0;
				GCC_PREPROCESSOR_DEFINITIONS = (
					"DEBUG=1",
					"$(inherited)",
				);
				GCC_WARN_64_TO_32_BIT_CONVERSION = YES;
				GCC_WARN_ABOUT_RETURN_TYPE = YES_ERROR;
				GCC_WARN_UNDECLARED_SELECTOR = YES;
				GCC_WARN_UNINITIALIZED_AUTOS = YES_AGGRESSIVE;
				GCC_WARN_UNUSED_FUNCTION = YES;
				GCC_WARN_UNUSED_VARIABLE = YES;
				IPHONEOS_DEPLOYMENT_TARGET = 11.4;
				MTL_ENABLE_DEBUG_INFO = YES;
				ONLY_ACTIVE_ARCH = YES;
				SDKROOT = iphoneos;
				SWIFT_ACTIVE_COMPILATION_CONDITIONS = DEBUG;
				SWIFT_OPTIMIZATION_LEVEL = "-Onone";
			};
			name = Debug;
		};
		A1F2DC5520F6A102005AA391 /* Release */ = {
			isa = XCBuildConfiguration;
			buildSettings = {
				ALWAYS_SEARCH_USER_PATHS = NO;
				CLANG_ANALYZER_NONNULL = YES;
				CLANG_ANALYZER_NUMBER_OBJECT_CONVERSION = YES_AGGRESSIVE;
				CLANG_CXX_LANGUAGE_STANDARD = "gnu++14";
				CLANG_CXX_LIBRARY = "libc++";
				CLANG_ENABLE_MODULES = YES;
				CLANG_ENABLE_OBJC_ARC = YES;
				CLANG_ENABLE_OBJC_WEAK = YES;
				CLANG_WARN_BLOCK_CAPTURE_AUTORELEASING = YES;
				CLANG_WARN_BOOL_CONVERSION = YES;
				CLANG_WARN_COMMA = YES;
				CLANG_WARN_CONSTANT_CONVERSION = YES;
				CLANG_WARN_DEPRECATED_OBJC_IMPLEMENTATIONS = YES;
				CLANG_WARN_DIRECT_OBJC_ISA_USAGE = YES_ERROR;
				CLANG_WARN_DOCUMENTATION_COMMENTS = YES;
				CLANG_WARN_EMPTY_BODY = YES;
				CLANG_WARN_ENUM_CONVERSION = YES;
				CLANG_WARN_INFINITE_RECURSION = YES;
				CLANG_WARN_INT_CONVERSION = YES;
				CLANG_WARN_NON_LITERAL_NULL_CONVERSION = YES;
				CLANG_WARN_OBJC_IMPLICIT_RETAIN_SELF = YES;
				CLANG_WARN_OBJC_LITERAL_CONVERSION = YES;
				CLANG_WARN_OBJC_ROOT_CLASS = YES_ERROR;
				CLANG_WARN_RANGE_LOOP_ANALYSIS = YES;
				CLANG_WARN_STRICT_PROTOTYPES = YES;
				CLANG_WARN_SUSPICIOUS_MOVE = YES;
				CLANG_WARN_UNGUARDED_AVAILABILITY = YES_AGGRESSIVE;
				CLANG_WARN_UNREACHABLE_CODE = YES;
				CLANG_WARN__DUPLICATE_METHOD_MATCH = YES;
				CODE_SIGN_IDENTITY = "iPhone Developer";
				COPY_PHASE_STRIP = NO;
				DEBUG_INFORMATION_FORMAT = "dwarf-with-dsym";
				ENABLE_NS_ASSERTIONS = NO;
				ENABLE_STRICT_OBJC_MSGSEND = YES;
				GCC_C_LANGUAGE_STANDARD = gnu11;
				GCC_NO_COMMON_BLOCKS = YES;
				GCC_WARN_64_TO_32_BIT_CONVERSION = YES;
				GCC_WARN_ABOUT_RETURN_TYPE = YES_ERROR;
				GCC_WARN_UNDECLARED_SELECTOR = YES;
				GCC_WARN_UNINITIALIZED_AUTOS = YES_AGGRESSIVE;
				GCC_WARN_UNUSED_FUNCTION = YES;
				GCC_WARN_UNUSED_VARIABLE = YES;
				IPHONEOS_DEPLOYMENT_TARGET = 11.4;
				MTL_ENABLE_DEBUG_INFO = NO;
				SDKROOT = iphoneos;
				SWIFT_COMPILATION_MODE = wholemodule;
				SWIFT_OPTIMIZATION_LEVEL = "-O";
				VALIDATE_PRODUCT = YES;
			};
			name = Release;
		};
		A1F2DC5720F6A102005AA391 /* Debug */ = {
			isa = XCBuildConfiguration;
			buildSettings = {
				ASSETCATALOG_COMPILER_APPICON_NAME = AppIcon;
				CODE_SIGN_STYLE = Automatic;
				DEVELOPMENT_TEAM = 6K47ASRSPN;
				INFOPLIST_FILE = "$(SRCROOT)/Tracros/Resources/Info.plist";
				LD_RUNPATH_SEARCH_PATHS = (
					"$(inherited)",
					"@executable_path/Frameworks",
				);
				PRODUCT_BUNDLE_IDENTIFIER = com.Skybridge.Tracros;
				PRODUCT_NAME = "$(TARGET_NAME)";
				SWIFT_VERSION = 4.0;
				TARGETED_DEVICE_FAMILY = "1,2";
			};
			name = Debug;
		};
		A1F2DC5820F6A102005AA391 /* Release */ = {
			isa = XCBuildConfiguration;
			buildSettings = {
				ASSETCATALOG_COMPILER_APPICON_NAME = AppIcon;
				CODE_SIGN_STYLE = Automatic;
				DEVELOPMENT_TEAM = 6K47ASRSPN;
				INFOPLIST_FILE = "$(SRCROOT)/Tracros/Resources/Info.plist";
				LD_RUNPATH_SEARCH_PATHS = (
					"$(inherited)",
					"@executable_path/Frameworks",
				);
				PRODUCT_BUNDLE_IDENTIFIER = com.Skybridge.Tracros;
				PRODUCT_NAME = "$(TARGET_NAME)";
				SWIFT_VERSION = 4.0;
				TARGETED_DEVICE_FAMILY = "1,2";
			};
			name = Release;
		};
		A1F2DC5A20F6A102005AA391 /* Debug */ = {
			isa = XCBuildConfiguration;
			buildSettings = {
				ALWAYS_EMBED_SWIFT_STANDARD_LIBRARIES = YES;
				BUNDLE_LOADER = "$(TEST_HOST)";
				CODE_SIGN_STYLE = Automatic;
				DEVELOPMENT_TEAM = 6K47ASRSPN;
				INFOPLIST_FILE = TracrosTests/Info.plist;
				LD_RUNPATH_SEARCH_PATHS = (
					"$(inherited)",
					"@executable_path/Frameworks",
					"@loader_path/Frameworks",
				);
				PRODUCT_BUNDLE_IDENTIFIER = com.Skybridge.TracrosTests;
				PRODUCT_NAME = "$(TARGET_NAME)";
				SWIFT_VERSION = 4.0;
				TARGETED_DEVICE_FAMILY = "1,2";
				TEST_HOST = "$(BUILT_PRODUCTS_DIR)/Tracros.app/Tracros";
			};
			name = Debug;
		};
		A1F2DC5B20F6A102005AA391 /* Release */ = {
			isa = XCBuildConfiguration;
			buildSettings = {
				ALWAYS_EMBED_SWIFT_STANDARD_LIBRARIES = YES;
				BUNDLE_LOADER = "$(TEST_HOST)";
				CODE_SIGN_STYLE = Automatic;
				DEVELOPMENT_TEAM = 6K47ASRSPN;
				INFOPLIST_FILE = TracrosTests/Info.plist;
				LD_RUNPATH_SEARCH_PATHS = (
					"$(inherited)",
					"@executable_path/Frameworks",
					"@loader_path/Frameworks",
				);
				PRODUCT_BUNDLE_IDENTIFIER = com.Skybridge.TracrosTests;
				PRODUCT_NAME = "$(TARGET_NAME)";
				SWIFT_VERSION = 4.0;
				TARGETED_DEVICE_FAMILY = "1,2";
				TEST_HOST = "$(BUILT_PRODUCTS_DIR)/Tracros.app/Tracros";
			};
			name = Release;
		};
/* End XCBuildConfiguration section */

/* Begin XCConfigurationList section */
		A1F2DC3220F6A100005AA391 /* Build configuration list for PBXProject "Tracros" */ = {
			isa = XCConfigurationList;
			buildConfigurations = (
				A1F2DC5420F6A102005AA391 /* Debug */,
				A1F2DC5520F6A102005AA391 /* Release */,
			);
			defaultConfigurationIsVisible = 0;
			defaultConfigurationName = Release;
		};
		A1F2DC5620F6A102005AA391 /* Build configuration list for PBXNativeTarget "Tracros" */ = {
			isa = XCConfigurationList;
			buildConfigurations = (
				A1F2DC5720F6A102005AA391 /* Debug */,
				A1F2DC5820F6A102005AA391 /* Release */,
			);
			defaultConfigurationIsVisible = 0;
			defaultConfigurationName = Release;
		};
		A1F2DC5920F6A102005AA391 /* Build configuration list for PBXNativeTarget "TracrosTests" */ = {
			isa = XCConfigurationList;
			buildConfigurations = (
				A1F2DC5A20F6A102005AA391 /* Debug */,
				A1F2DC5B20F6A102005AA391 /* Release */,
			);
			defaultConfigurationIsVisible = 0;
			defaultConfigurationName = Release;
		};
/* End XCConfigurationList section */
	};
	rootObject = A1F2DC2F20F6A100005AA391 /* Project object */;
}
